
Microsoft Visual Studio Solution File, Format Version 12.00
# Visual Studio Version 16
VisualStudioVersion = 16.0.30907.101
MinimumVisualStudioVersion = 10.0.40219.1
Project("{FAE04EC0-301F-11D3-BF4B-00C04F79EFBC}") = "June14ClassPerformance", "June14ClassPerformance\June14ClassPerformance.csproj", "{F788DBB7-C242-4191-A93C-271D9D0DBA14}"
EndProject
Global
	GlobalSection(SolutionConfigurationPlatforms) = preSolution
		Debug|Any CPU = Debug|Any CPU
		Release|Any CPU = Release|Any CPU
	EndGlobalSection
	GlobalSection(ProjectConfigurationPlatforms) = postSolution
		{F788DBB7-C242-4191-A93C-271D9D0DBA14}.Debug|Any CPU.ActiveCfg = Debug|Any CPU
		{F788DBB7-C242-4191-A93C-271D9D0DBA14}.Debug|Any CPU.Build.0 = Debug|Any CPU
		{F788DBB7-C242-4191-A93C-271D9D0DBA14}.Release|Any CPU.ActiveCfg = Release|Any CPU
		{F788DBB7-C242-4191-A93C-271D9D0DBA14}.Release|Any CPU.Build.0 = Release|Any CPU
	EndGlobalSection
	GlobalSection(SolutionProperties) = preSolution
		HideSolutionNode = FALSE
	EndGlobalSection
	GlobalSection(ExtensibilityGlobals) = postSolution
		SolutionGuid = {F83CAF10-3160-42CE-A578-76B736C4730D}
	EndGlobalSection
EndGlobal
